// !$*UTF8*$!
{
	archiveVersion = 1;
	classes = {
	};
	objectVersion = 56;
	objects = {

/* Begin PBXBuildFile section */
		EC67C13D2C1CA3350048F337 /* JapanConstitutionApp.swift in Sources */ = {isa = PBXBuildFile; fileRef = EC67C13C2C1CA3350048F337 /* JapanConstitutionApp.swift */; };
		EC67C13F2C1CA3350048F337 /* ContentView.swift in Sources */ = {isa = PBXBuildFile; fileRef = EC67C13E2C1CA3350048F337 /* ContentView.swift */; };
		EC67C1412C1CA3360048F337 /* Assets.xcassets in Resources */ = {isa = PBXBuildFile; fileRef = EC67C1402C1CA3360048F337 /* Assets.xcassets */; };
		EC67C1442C1CA3360048F337 /* Preview Assets.xcassets in Resources */ = {isa = PBXBuildFile; fileRef = EC67C1432C1CA3360048F337 /* Preview Assets.xcassets */; };
		EC67C14E2C1CA3360048F337 /* JapanConstitutionTests.swift in Sources */ = {isa = PBXBuildFile; fileRef = EC67C14D2C1CA3360048F337 /* JapanConstitutionTests.swift */; };
		EC67C1582C1CA3360048F337 /* JapanConstitutionUITests.swift in Sources */ = {isa = PBXBuildFile; fileRef = EC67C1572C1CA3360048F337 /* JapanConstitutionUITests.swift */; };
		EC67C15A2C1CA3360048F337 /* JapanConstitutionUITestsLaunchTests.swift in Sources */ = {isa = PBXBuildFile; fileRef = EC67C1592C1CA3360048F337 /* JapanConstitutionUITestsLaunchTests.swift */; };
		EC67C16A2C1D20950048F337 /* Models.swift in Sources */ = {isa = PBXBuildFile; fileRef = EC67C1692C1D20950048F337 /* Models.swift */; };
		EC67C16C2C1D20B80048F337 /* ConstitutionData.swift in Sources */ = {isa = PBXBuildFile; fileRef = EC67C16B2C1D20B80048F337 /* ConstitutionData.swift */; };
		EC67C16E2C1D211C0048F337 /* ArticleDetailView.swift in Sources */ = {isa = PBXBuildFile; fileRef = EC67C16D2C1D211C0048F337 /* ArticleDetailView.swift */; };
/* End PBXBuildFile section */

/* Begin PBXContainerItemProxy section */
		EC67C14A2C1CA3360048F337 /* PBXContainerItemProxy */ = {
			isa = PBXContainerItemProxy;
			containerPortal = EC67C1312C1CA3340048F337 /* Project object */;
			proxyType = 1;
			remoteGlobalIDString = EC67C1382C1CA3340048F337;
			remoteInfo = JapanConstitution;
		};
		EC67C1542C1CA3360048F337 /* PBXContainerItemProxy */ = {
			isa = PBXContainerItemProxy;
			containerPortal = EC67C1312C1CA3340048F337 /* Project object */;
			proxyType = 1;
			remoteGlobalIDString = EC67C1382C1CA3340048F337;
			remoteInfo = JapanConstitution;
		};
/* End PBXContainerItemProxy section */

/* Begin PBXFileReference section */
		EC67C1392C1CA3340048F337 /* JapanConstitution.app */ = {isa = PBXFileReference; explicitFileType = wrapper.application; includeInIndex = 0; path = JapanConstitution.app; sourceTree = BUILT_PRODUCTS_DIR; };
		EC67C13C2C1CA3350048F337 /* JapanConstitutionApp.swift */ = {isa = PBXFileReference; lastKnownFileType = sourcecode.swift; path = JapanConstitutionApp.swift; sourceTree = "<group>"; };
		EC67C13E2C1CA3350048F337 /* ContentView.swift */ = {isa = PBXFileReference; lastKnownFileType = sourcecode.swift; path = ContentView.swift; sourceTree = "<group>"; };
		EC67C1402C1CA3360048F337 /* Assets.xcassets */ = {isa = PBXFileReference; lastKnownFileType = folder.assetcatalog; path = Assets.xcassets; sourceTree = "<group>"; };
		EC67C1432C1CA3360048F337 /* Preview Assets.xcassets */ = {isa = PBXFileReference; lastKnownFileType = folder.assetcatalog; path = "Preview Assets.xcassets"; sourceTree = "<group>"; };
		EC67C1492C1CA3360048F337 /* JapanConstitutionTests.xctest */ = {isa = PBXFileReference; explicitFileType = wrapper.cfbundle; includeInIndex = 0; path = JapanConstitutionTests.xctest; sourceTree = BUILT_PRODUCTS_DIR; };
		EC67C14D2C1CA3360048F337 /* JapanConstitutionTests.swift */ = {isa = PBXFileReference; lastKnownFileType = sourcecode.swift; path = JapanConstitutionTests.swift; sourceTree = "<group>"; };
		EC67C1532C1CA3360048F337 /* JapanConstitutionUITests.xctest */ = {isa = PBXFileReference; explicitFileType = wrapper.cfbundle; includeInIndex = 0; path = JapanConstitutionUITests.xctest; sourceTree = BUILT_PRODUCTS_DIR; };
		EC67C1572C1CA3360048F337 /* JapanConstitutionUITests.swift */ = {isa = PBXFileReference; lastKnownFileType = sourcecode.swift; path = JapanConstitutionUITests.swift; sourceTree = "<group>"; };
		EC67C1592C1CA3360048F337 /* JapanConstitutionUITestsLaunchTests.swift */ = {isa = PBXFileReference; lastKnownFileType = sourcecode.swift; path = JapanConstitutionUITestsLaunchTests.swift; sourceTree = "<group>"; };
		EC67C1682C1CA4320048F337 /* Info.plist */ = {isa = PBXFileReference; lastKnownFileType = text.plist; path = Info.plist; sourceTree = "<group>"; };
		EC67C1692C1D20950048F337 /* Models.swift */ = {isa = PBXFileReference; lastKnownFileType = sourcecode.swift; path = Models.swift; sourceTree = "<group>"; };
		EC67C16B2C1D20B80048F337 /* ConstitutionData.swift */ = {isa = PBXFileReference; lastKnownFileType = sourcecode.swift; path = ConstitutionData.swift; sourceTree = "<group>"; };
		EC67C16D2C1D211C0048F337 /* ArticleDetailView.swift */ = {isa = PBXFileReference; lastKnownFileType = sourcecode.swift; path = ArticleDetailView.swift; sourceTree = "<group>"; };
/* End PBXFileReference section */

/* Begin PBXFrameworksBuildPhase section */
		EC67C1362C1CA3340048F337 /* Frameworks */ = {
			isa = PBXFrameworksBuildPhase;
			buildActionMask = 2147483647;
			files = (
			);
			runOnlyForDeploymentPostprocessing = 0;
		};
		EC67C1462C1CA3360048F337 /* Frameworks */ = {
			isa = PBXFrameworksBuildPhase;
			buildActionMask = 2147483647;
			files = (
			);
			runOnlyForDeploymentPostprocessing = 0;
		};
		EC67C1502C1CA3360048F337 /* Frameworks */ = {
			isa = PBXFrameworksBuildPhase;
			buildActionMask = 2147483647;
			files = (
			);
			runOnlyForDeploymentPostprocessing = 0;
		};
/* End PBXFrameworksBuildPhase section */

/* Begin PBXGroup section */
		EC67C1302C1CA3340048F337 = {
			isa = PBXGroup;
			children = (
				EC67C13B2C1CA3340048F337 /* JapanConstitution */,
				EC67C14C2C1CA3360048F337 /* JapanConstitutionTests */,
				EC67C1562C1CA3360048F337 /* JapanConstitutionUITests */,
				EC67C13A2C1CA3340048F337 /* Products */,
			);
			sourceTree = "<group>";
		};
		EC67C13A2C1CA3340048F337 /* Products */ = {
			isa = PBXGroup;
			children = (
				EC67C1392C1CA3340048F337 /* JapanConstitution.app */,
				EC67C1492C1CA3360048F337 /* JapanConstitutionTests.xctest */,
				EC67C1532C1CA3360048F337 /* JapanConstitutionUITests.xctest */,
			);
			name = Products;
			sourceTree = "<group>";
		};
		EC67C13B2C1CA3340048F337 /* JapanConstitution */ = {
			isa = PBXGroup;
			children = (
				EC67C1682C1CA4320048F337 /* Info.plist */,
				EC67C13C2C1CA3350048F337 /* JapanConstitutionApp.swift */,
				EC67C13E2C1CA3350048F337 /* ContentView.swift */,
				EC67C1402C1CA3360048F337 /* Assets.xcassets */,
				EC67C1422C1CA3360048F337 /* Preview Content */,
				EC67C1692C1D20950048F337 /* Models.swift */,
				EC67C16B2C1D20B80048F337 /* ConstitutionData.swift */,
				EC67C16D2C1D211C0048F337 /* ArticleDetailView.swift */,
			);
			path = JapanConstitution;
			sourceTree = "<group>";
		};
		EC67C1422C1CA3360048F337 /* Preview Content */ = {
			isa = PBXGroup;
			children = (
				EC67C1432C1CA3360048F337 /* Preview Assets.xcassets */,
			);
			path = "Preview Content";
			sourceTree = "<group>";
		};
		EC67C14C2C1CA3360048F337 /* JapanConstitutionTests */ = {
			isa = PBXGroup;
			children = (
				EC67C14D2C1CA3360048F337 /* JapanConstitutionTests.swift */,
			);
			path = JapanConstitutionTests;
			sourceTree = "<group>";
		};
		EC67C1562C1CA3360048F337 /* JapanConstitutionUITests */ = {
			isa = PBXGroup;
			children = (
				EC67C1572C1CA3360048F337 /* JapanConstitutionUITests.swift */,
				EC67C1592C1CA3360048F337 /* JapanConstitutionUITestsLaunchTests.swift */,
			);
			path = JapanConstitutionUITests;
			sourceTree = "<group>";
		};
/* End PBXGroup section */

/* Begin PBXNativeTarget section */
		EC67C1382C1CA3340048F337 /* JapanConstitution */ = {
			isa = PBXNativeTarget;
			buildConfigurationList = EC67C15D2C1CA3360048F337 /* Build configuration list for PBXNativeTarget "JapanConstitution" */;
			buildPhases = (
				EC67C1352C1CA3340048F337 /* Sources */,
				EC67C1362C1CA3340048F337 /* Frameworks */,
				EC67C1372C1CA3340048F337 /* Resources */,
			);
			buildRules = (
			);
			dependencies = (
			);
			name = JapanConstitution;
			productName = JapanConstitution;
			productReference = EC67C1392C1CA3340048F337 /* JapanConstitution.app */;
			productType = "com.apple.product-type.application";
		};
		EC67C1482C1CA3360048F337 /* JapanConstitutionTests */ = {
			isa = PBXNativeTarget;
			buildConfigurationList = EC67C1602C1CA3360048F337 /* Build configuration list for PBXNativeTarget "JapanConstitutionTests" */;
			buildPhases = (
				EC67C1452C1CA3360048F337 /* Sources */,
				EC67C1462C1CA3360048F337 /* Frameworks */,
				EC67C1472C1CA3360048F337 /* Resources */,
			);
			buildRules = (
			);
			dependencies = (
				EC67C14B2C1CA3360048F337 /* PBXTargetDependency */,
			);
			name = JapanConstitutionTests;
			productName = JapanConstitutionTests;
			productReference = EC67C1492C1CA3360048F337 /* JapanConstitutionTests.xctest */;
			productType = "com.apple.product-type.bundle.unit-test";
		};
		EC67C1522C1CA3360048F337 /* JapanConstitutionUITests */ = {
			isa = PBXNativeTarget;
			buildConfigurationList = EC67C1632C1CA3360048F337 /* Build configuration list for PBXNativeTarget "JapanConstitutionUITests" */;
			buildPhases = (
				EC67C14F2C1CA3360048F337 /* Sources */,
				EC67C1502C1CA3360048F337 /* Frameworks */,
				EC67C1512C1CA3360048F337 /* Resources */,
			);
			buildRules = (
			);
			dependencies = (
				EC67C1552C1CA3360048F337 /* PBXTargetDependency */,
			);
			name = JapanConstitutionUITests;
			productName = JapanConstitutionUITests;
			productReference = EC67C1532C1CA3360048F337 /* JapanConstitutionUITests.xctest */;
			productType = "com.apple.product-type.bundle.ui-testing";
		};
/* End PBXNativeTarget section */

/* Begin PBXProject section */
		EC67C1312C1CA3340048F337 /* Project object */ = {
			isa = PBXProject;
			attributes = {
				BuildIndependentTargetsInParallel = 1;
				LastSwiftUpdateCheck = 1540;
				LastUpgradeCheck = 1540;
				TargetAttributes = {
					EC67C1382C1CA3340048F337 = {
						CreatedOnToolsVersion = 15.4;
					};
					EC67C1482C1CA3360048F337 = {
						CreatedOnToolsVersion = 15.4;
						TestTargetID = EC67C1382C1CA3340048F337;
					};
					EC67C1522C1CA3360048F337 = {
						CreatedOnToolsVersion = 15.4;
						TestTargetID = EC67C1382C1CA3340048F337;
					};
				};
			};
			buildConfigurationList = EC67C1342C1CA3340048F337 /* Build configuration list for PBXProject "JapanConstitution" */;
			compatibilityVersion = "Xcode 14.0";
			developmentRegion = en;
			hasScannedForEncodings = 0;
			knownRegions = (
				en,
				Base,
			);
			mainGroup = EC67C1302C1CA3340048F337;
			productRefGroup = EC67C13A2C1CA3340048F337 /* Products */;
			projectDirPath = "";
			projectRoot = "";
			targets = (
				EC67C1382C1CA3340048F337 /* JapanConstitution */,
				EC67C1482C1CA3360048F337 /* JapanConstitutionTests */,
				EC67C1522C1CA3360048F337 /* JapanConstitutionUITests */,
			);
		};
/* End PBXProject section */

/* Begin PBXResourcesBuildPhase section */
		EC67C1372C1CA3340048F337 /* Resources */ = {
			isa = PBXResourcesBuildPhase;
			buildActionMask = 2147483647;
			files = (
				EC67C1442C1CA3360048F337 /* Preview Assets.xcassets in Resources */,
				EC67C1412C1CA3360048F337 /* Assets.xcassets in Resources */,
			);
			runOnlyForDeploymentPostprocessing = 0;
		};
		EC67C1472C1CA3360048F337 /* Resources */ = {
			isa = PBXResourcesBuildPhase;
			buildActionMask = 2147483647;
			files = (
			);
			runOnlyForDeploymentPostprocessing = 0;
		};
		EC67C1512C1CA3360048F337 /* Resources */ = {
			isa = PBXResourcesBuildPhase;
			buildActionMask = 2147483647;
			files = (
			);
			runOnlyForDeploymentPostprocessing = 0;
		};
/* End PBXResourcesBuildPhase section */

/* Begin PBXSourcesBuildPhase section */
		EC67C1352C1CA3340048F337 /* Sources */ = {
			isa = PBXSourcesBuildPhase;
			buildActionMask = 2147483647;
			files = (
				EC67C16A2C1D20950048F337 /* Models.swift in Sources */,
				EC67C13F2C1CA3350048F337 /* ContentView.swift in Sources */,
				EC67C16C2C1D20B80048F337 /* ConstitutionData.swift in Sources */,
				EC67C16E2C1D211C0048F337 /* ArticleDetailView.swift in Sources */,
				EC67C13D2C1CA3350048F337 /* JapanConstitutionApp.swift in Sources */,
			);
			runOnlyForDeploymentPostprocessing = 0;
		};
		EC67C1452C1CA3360048F337 /* Sources */ = {
			isa = PBXSourcesBuildPhase;
			buildActionMask = 2147483647;
			files = (
				EC67C14E2C1CA3360048F337 /* JapanConstitutionTests.swift in Sources */,
			);
			runOnlyForDeploymentPostprocessing = 0;
		};
		EC67C14F2C1CA3360048F337 /* Sources */ = {
			isa = PBXSourcesBuildPhase;
			buildActionMask = 2147483647;
			files = (
				EC67C15A2C1CA3360048F337 /* JapanConstitutionUITestsLaunchTests.swift in Sources */,
				EC67C1582C1CA3360048F337 /* JapanConstitutionUITests.swift in Sources */,
			);
			runOnlyForDeploymentPostprocessing = 0;
		};
/* End PBXSourcesBuildPhase section */

/* Begin PBXTargetDependency section */
		EC67C14B2C1CA3360048F337 /* PBXTargetDependency */ = {
			isa = PBXTargetDependency;
			target = EC67C1382C1CA3340048F337 /* JapanConstitution */;
			targetProxy = EC67C14A2C1CA3360048F337 /* PBXContainerItemProxy */;
		};
		EC67C1552C1CA3360048F337 /* PBXTargetDependency */ = {
			isa = PBXTargetDependency;
			target = EC67C1382C1CA3340048F337 /* JapanConstitution */;
			targetProxy = EC67C1542C1CA3360048F337 /* PBXContainerItemProxy */;
		};
/* End PBXTargetDependency section */

/* Begin XCBuildConfiguration section */
		EC67C15B2C1CA3360048F337 /* Debug */ = {
			isa = XCBuildConfiguration;
			buildSettings = {
				ALWAYS_SEARCH_USER_PATHS = NO;
				ASSETCATALOG_COMPILER_GENERATE_SWIFT_ASSET_SYMBOL_EXTENSIONS = YES;
				CLANG_ANALYZER_NONNULL = YES;
				CLANG_ANALYZER_NUMBER_OBJECT_CONVERSION = YES_AGGRESSIVE;
				CLANG_CXX_LANGUAGE_STANDARD = "gnu++20";
				CLANG_ENABLE_MODULES = YES;
				CLANG_ENABLE_OBJC_ARC = YES;
				CLANG_ENABLE_OBJC_WEAK = YES;
				CLANG_WARN_BLOCK_CAPTURE_AUTORELEASING = YES;
				CLANG_WARN_BOOL_CONVERSION = YES;
				CLANG_WARN_COMMA = YES;
				CLANG_WARN_CONSTANT_CONVERSION = YES;
				CLANG_WARN_DEPRECATED_OBJC_IMPLEMENTATIONS = YES;
				CLANG_WARN_DIRECT_OBJC_ISA_USAGE = YES_ERROR;
				CLANG_WARN_DOCUMENTATION_COMMENTS = YES;
				CLANG_WARN_EMPTY_BODY = YES;
				CLANG_WARN_ENUM_CONVERSION = YES;
				CLANG_WARN_INFINITE_RECURSION = YES;
				CLANG_WARN_INT_CONVERSION = YES;
				CLANG_WARN_NON_LITERAL_NULL_CONVERSION = YES;
				CLANG_WARN_OBJC_IMPLICIT_RETAIN_SELF = YES;
				CLANG_WARN_OBJC_LITERAL_CONVERSION = YES;
				CLANG_WARN_OBJC_ROOT_CLASS = YES_ERROR;
				CLANG_WARN_QUOTED_INCLUDE_IN_FRAMEWORK_HEADER = YES;
				CLANG_WARN_RANGE_LOOP_ANALYSIS = YES;
				CLANG_WARN_STRICT_PROTOTYPES = YES;
				CLANG_WARN_SUSPICIOUS_MOVE = YES;
				CLANG_WARN_UNGUARDED_AVAILABILITY = YES_AGGRESSIVE;
				CLANG_WARN_UNREACHABLE_CODE = YES;
				CLANG_WARN__DUPLICATE_METHOD_MATCH = YES;
				COPY_PHASE_STRIP = NO;
				DEBUG_INFORMATION_FORMAT = dwarf;
				ENABLE_STRICT_OBJC_MSGSEND = YES;
				ENABLE_TESTABILITY = YES;
				ENABLE_USER_SCRIPT_SANDBOXING = YES;
				GCC_C_LANGUAGE_STANDARD = gnu17;
				GCC_DYNAMIC_NO_PIC = NO;
				GCC_NO_COMMON_BLOCKS = YES;
				GCC_OPTIMIZATION_LEVEL = 0;
				GCC_PREPROCESSOR_DEFINITIONS = (
					"DEBUG=1",
					"$(inherited)",
				);
				GCC_WARN_64_TO_32_BIT_CONVERSION = YES;
				GCC_WARN_ABOUT_RETURN_TYPE = YES_ERROR;
				GCC_WARN_UNDECLARED_SELECTOR = YES;
				GCC_WARN_UNINITIALIZED_AUTOS = YES_AGGRESSIVE;
				GCC_WARN_UNUSED_FUNCTION = YES;
				GCC_WARN_UNUSED_VARIABLE = YES;
				IPHONEOS_DEPLOYMENT_TARGET = 17.5;
				LOCALIZATION_PREFERS_STRING_CATALOGS = YES;
				MTL_ENABLE_DEBUG_INFO = INCLUDE_SOURCE;
				MTL_FAST_MATH = YES;
				ONLY_ACTIVE_ARCH = YES;
				SDKROOT = iphoneos;
				SWIFT_ACTIVE_COMPILATION_CONDITIONS = "DEBUG $(inherited)";
				SWIFT_OPTIMIZATION_LEVEL = "-Onone";
			};
			name = Debug;
		};
		EC67C15C2C1CA3360048F337 /* Release */ = {
			isa = XCBuildConfiguration;
			buildSettings = {
				ALWAYS_SEARCH_USER_PATHS = NO;
				ASSETCATALOG_COMPILER_GENERATE_SWIFT_ASSET_SYMBOL_EXTENSIONS = YES;
				CLANG_ANALYZER_NONNULL = YES;
				CLANG_ANALYZER_NUMBER_OBJECT_CONVERSION = YES_AGGRESSIVE;
				CLANG_CXX_LANGUAGE_STANDARD = "gnu++20";
				CLANG_ENABLE_MODULES = YES;
				CLANG_ENABLE_OBJC_ARC = YES;
				CLANG_ENABLE_OBJC_WEAK = YES;
				CLANG_WARN_BLOCK_CAPTURE_AUTORELEASING = YES;
				CLANG_WARN_BOOL_CONVERSION = YES;
				CLANG_WARN_COMMA = YES;
				CLANG_WARN_CONSTANT_CONVERSION = YES;
				CLANG_WARN_DEPRECATED_OBJC_IMPLEMENTATIONS = YES;
				CLANG_WARN_DIRECT_OBJC_ISA_USAGE = YES_ERROR;
				CLANG_WARN_DOCUMENTATION_COMMENTS = YES;
				CLANG_WARN_EMPTY_BODY = YES;
				CLANG_WARN_ENUM_CONVERSION = YES;
				CLANG_WARN_INFINITE_RECURSION = YES;
				CLANG_WARN_INT_CONVERSION = YES;
				CLANG_WARN_NON_LITERAL_NULL_CONVERSION = YES;
				CLANG_WARN_OBJC_IMPLICIT_RETAIN_SELF = YES;
				CLANG_WARN_OBJC_LITERAL_CONVERSION = YES;
				CLANG_WARN_OBJC_ROOT_CLASS = YES_ERROR;
				CLANG_WARN_QUOTED_INCLUDE_IN_FRAMEWORK_HEADER = YES;
				CLANG_WARN_RANGE_LOOP_ANALYSIS = YES;
				CLANG_WARN_STRICT_PROTOTYPES = YES;
				CLANG_WARN_SUSPICIOUS_MOVE = YES;
				CLANG_WARN_UNGUARDED_AVAILABILITY = YES_AGGRESSIVE;
				CLANG_WARN_UNREACHABLE_CODE = YES;
				CLANG_WARN__DUPLICATE_METHOD_MATCH = YES;
				COPY_PHASE_STRIP = NO;
				DEBUG_INFORMATION_FORMAT = "dwarf-with-dsym";
				ENABLE_NS_ASSERTIONS = NO;
				ENABLE_STRICT_OBJC_MSGSEND = YES;
				ENABLE_USER_SCRIPT_SANDBOXING = YES;
				GCC_C_LANGUAGE_STANDARD = gnu17;
				GCC_NO_COMMON_BLOCKS = YES;
				GCC_WARN_64_TO_32_BIT_CONVERSION = YES;
				GCC_WARN_ABOUT_RETURN_TYPE = YES_ERROR;
				GCC_WARN_UNDECLARED_SELECTOR = YES;
				GCC_WARN_UNINITIALIZED_AUTOS = YES_AGGRESSIVE;
				GCC_WARN_UNUSED_FUNCTION = YES;
				GCC_WARN_UNUSED_VARIABLE = YES;
				IPHONEOS_DEPLOYMENT_TARGET = 17.5;
				LOCALIZATION_PREFERS_STRING_CATALOGS = YES;
				MTL_ENABLE_DEBUG_INFO = NO;
				MTL_FAST_MATH = YES;
				SDKROOT = iphoneos;
				SWIFT_COMPILATION_MODE = wholemodule;
				VALIDATE_PRODUCT = YES;
			};
			name = Release;
		};
		EC67C15E2C1CA3360048F337 /* Debug */ = {
			isa = XCBuildConfiguration;
			buildSettings = {
				ASSETCATALOG_COMPILER_APPICON_NAME = AppIcon;
				ASSETCATALOG_COMPILER_GLOBAL_ACCENT_COLOR_NAME = AccentColor;
				CODE_SIGN_STYLE = Automatic;
				CURRENT_PROJECT_VERSION = 1;
				DEVELOPMENT_ASSET_PATHS = "\"JapanConstitution/Preview Content\"";
				ENABLE_PREVIEWS = YES;
				GENERATE_INFOPLIST_FILE = YES;
				INFOPLIST_FILE = JapanConstitution/Info.plist;
				INFOPLIST_KEY_UIApplicationSceneManifest_Generation = YES;
				INFOPLIST_KEY_UIApplicationSupportsIndirectInputEvents = YES;
				INFOPLIST_KEY_UILaunchScreen_Generation = YES;
				INFOPLIST_KEY_UISupportedInterfaceOrientations_iPad = "UIInterfaceOrientationPortrait UIInterfaceOrientationPortraitUpsideDown UIInterfaceOrientationLandscapeLeft UIInterfaceOrientationLandscapeRight";
				INFOPLIST_KEY_UISupportedInterfaceOrientations_iPhone = "UIInterfaceOrientationPortrait UIInterfaceOrientationLandscapeLeft UIInterfaceOrientationLandscapeRight";
				LD_RUNPATH_SEARCH_PATHS = (
					"$(inherited)",
					"@executable_path/Frameworks",
				);
				MARKETING_VERSION = 1.0;
				PRODUCT_BUNDLE_IDENTIFIER = io.tomohiko.JapanConstitution;
				PRODUCT_NAME = "$(TARGET_NAME)";
				SWIFT_EMIT_LOC_STRINGS = YES;
				SWIFT_VERSION = 5.0;
				TARGETED_DEVICE_FAMILY = "1,2";
			};
			name = Debug;
		};
		EC67C15F2C1CA3360048F337 /* Release */ = {
			isa = XCBuildConfiguration;
			buildSettings = {
				ASSETCATALOG_COMPILER_APPICON_NAME = AppIcon;
				ASSETCATALOG_COMPILER_GLOBAL_ACCENT_COLOR_NAME = AccentColor;
				CODE_SIGN_STYLE = Automatic;
				CURRENT_PROJECT_VERSION = 1;
				DEVELOPMENT_ASSET_PATHS = "\"JapanConstitution/Preview Content\"";
				ENABLE_PREVIEWS = YES;
				GENERATE_INFOPLIST_FILE = YES;
				INFOPLIST_FILE = JapanConstitution/Info.plist;
				INFOPLIST_KEY_UIApplicationSceneManifest_Generation = YES;
				INFOPLIST_KEY_UIApplicationSupportsIndirectInputEvents = YES;
				INFOPLIST_KEY_UILaunchScreen_Generation = YES;
				INFOPLIST_KEY_UISupportedInterfaceOrientations_iPad = "UIInterfaceOrientationPortrait UIInterfaceOrientationPortraitUpsideDown UIInterfaceOrientationLandscapeLeft UIInterfaceOrientationLandscapeRight";
				INFOPLIST_KEY_UISupportedInterfaceOrientations_iPhone = "UIInterfaceOrientationPortrait UIInterfaceOrientationLandscapeLeft UIInterfaceOrientationLandscapeRight";
				LD_RUNPATH_SEARCH_PATHS = (
					"$(inherited)",
					"@executable_path/Frameworks",
				);
				MARKETING_VERSION = 1.0;
				PRODUCT_BUNDLE_IDENTIFIER = io.tomohiko.JapanConstitution;
				PRODUCT_NAME = "$(TARGET_NAME)";
				SWIFT_EMIT_LOC_STRINGS = YES;
				SWIFT_VERSION = 5.0;
				TARGETED_DEVICE_FAMILY = "1,2";
			};
			name = Release;
		};
		EC67C1612C1CA3360048F337 /* Debug */ = {
			isa = XCBuildConfiguration;
			buildSettings = {
				ALWAYS_EMBED_SWIFT_STANDARD_LIBRARIES = YES;
				BUNDLE_LOADER = "$(TEST_HOST)";
				CODE_SIGN_STYLE = Automatic;
				CURRENT_PROJECT_VERSION = 1;
				GENERATE_INFOPLIST_FILE = YES;
				IPHONEOS_DEPLOYMENT_TARGET = 17.5;
				MARKETING_VERSION = 1.0;
				PRODUCT_BUNDLE_IDENTIFIER = io.tomohiko.JapanConstitutionTests;
				PRODUCT_NAME = "$(TARGET_NAME)";
				SWIFT_EMIT_LOC_STRINGS = NO;
				SWIFT_VERSION = 5.0;
				TARGETED_DEVICE_FAMILY = "1,2";
				TEST_HOST = "$(BUILT_PRODUCTS_DIR)/JapanConstitution.app/$(BUNDLE_EXECUTABLE_FOLDER_PATH)/JapanConstitution";
			};
			name = Debug;
		};
		EC67C1622C1CA3360048F337 /* Release */ = {
			isa = XCBuildConfiguration;
			buildSettings = {
				ALWAYS_EMBED_SWIFT_STANDARD_LIBRARIES = YES;
				BUNDLE_LOADER = "$(TEST_HOST)";
				CODE_SIGN_STYLE = Automatic;
				CURRENT_PROJECT_VERSION = 1;
				GENERATE_INFOPLIST_FILE = YES;
				IPHONEOS_DEPLOYMENT_TARGET = 17.5;
				MARKETING_VERSION = 1.0;
				PRODUCT_BUNDLE_IDENTIFIER = io.tomohiko.JapanConstitutionTests;
				PRODUCT_NAME = "$(TARGET_NAME)";
				SWIFT_EMIT_LOC_STRINGS = NO;
				SWIFT_VERSION = 5.0;
				TARGETED_DEVICE_FAMILY = "1,2";
				TEST_HOST = "$(BUILT_PRODUCTS_DIR)/JapanConstitution.app/$(BUNDLE_EXECUTABLE_FOLDER_PATH)/JapanConstitution";
			};
			name = Release;
		};
		EC67C1642C1CA3360048F337 /* Debug */ = {
			isa = XCBuildConfiguration;
			buildSettings = {
				ALWAYS_EMBED_SWIFT_STANDARD_LIBRARIES = YES;
				CODE_SIGN_STYLE = Automatic;
				CURRENT_PROJECT_VERSION = 1;
				GENERATE_INFOPLIST_FILE = YES;
				MARKETING_VERSION = 1.0;
				PRODUCT_BUNDLE_IDENTIFIER = io.tomohiko.JapanConstitutionUITests;
				PRODUCT_NAME = "$(TARGET_NAME)";
				SWIFT_EMIT_LOC_STRINGS = NO;
				SWIFT_VERSION = 5.0;
				TARGETED_DEVICE_FAMILY = "1,2";
				TEST_TARGET_NAME = JapanConstitution;
			};
			name = Debug;
		};
		EC67C1652C1CA3360048F337 /* Release */ = {
			isa = XCBuildConfiguration;
			buildSettings = {
				ALWAYS_EMBED_SWIFT_STANDARD_LIBRARIES = YES;
				CODE_SIGN_STYLE = Automatic;
				CURRENT_PROJECT_VERSION = 1;
				GENERATE_INFOPLIST_FILE = YES;
				MARKETING_VERSION = 1.0;
				PRODUCT_BUNDLE_IDENTIFIER = io.tomohiko.JapanConstitutionUITests;
				PRODUCT_NAME = "$(TARGET_NAME)";
				SWIFT_EMIT_LOC_STRINGS = NO;
				SWIFT_VERSION = 5.0;
				TARGETED_DEVICE_FAMILY = "1,2";
				TEST_TARGET_NAME = JapanConstitution;
			};
			name = Release;
		};
/* End XCBuildConfiguration section */

/* Begin XCConfigurationList section */
		EC67C1342C1CA3340048F337 /* Build configuration list for PBXProject "JapanConstitution" */ = {
			isa = XCConfigurationList;
			buildConfigurations = (
				EC67C15B2C1CA3360048F337 /* Debug */,
				EC67C15C2C1CA3360048F337 /* Release */,
			);
			defaultConfigurationIsVisible = 0;
			defaultConfigurationName = Release;
		};
		EC67C15D2C1CA3360048F337 /* Build configuration list for PBXNativeTarget "JapanConstitution" */ = {
			isa = XCConfigurationList;
			buildConfigurations = (
				EC67C15E2C1CA3360048F337 /* Debug */,
				EC67C15F2C1CA3360048F337 /* Release */,
			);
			defaultConfigurationIsVisible = 0;
			defaultConfigurationName = Release;
		};
		EC67C1602C1CA3360048F337 /* Build configuration list for PBXNativeTarget "JapanConstitutionTests" */ = {
			isa = XCConfigurationList;
			buildConfigurations = (
				EC67C1612C1CA3360048F337 /* Debug */,
				EC67C1622C1CA3360048F337 /* Release */,
			);
			defaultConfigurationIsVisible = 0;
			defaultConfigurationName = Release;
		};
		EC67C1632C1CA3360048F337 /* Build configuration list for PBXNativeTarget "JapanConstitutionUITests" */ = {
			isa = XCConfigurationList;
			buildConfigurations = (
				EC67C1642C1CA3360048F337 /* Debug */,
				EC67C1652C1CA3360048F337 /* Release */,
			);
			defaultConfigurationIsVisible = 0;
			defaultConfigurationName = Release;
		};
/* End XCConfigurationList section */
	};
	rootObject = EC67C1312C1CA3340048F337 /* Project object */;
}
